// !$*UTF8*$!
{
	archiveVersion = 1;
	classes = {
	};
	objectVersion = 51;
	objects = {

/* Begin PBXBuildFile section */
		3B45E350247BC00500C417BC /* PasteBoardItem.swift in Sources */ = {isa = PBXBuildFile; fileRef = 3B45E34F247BC00500C417BC /* PasteBoardItem.swift */; };
		3B793CC9247721CB002751BE /* AppDelegate.swift in Sources */ = {isa = PBXBuildFile; fileRef = 3B793CC8247721CB002751BE /* AppDelegate.swift */; };
		3B793CCB247721CB002751BE /* SceneDelegate.swift in Sources */ = {isa = PBXBuildFile; fileRef = 3B793CCA247721CB002751BE /* SceneDelegate.swift */; };
		3B793CCD247721CB002751BE /* ClippyViewController.swift in Sources */ = {isa = PBXBuildFile; fileRef = 3B793CCC247721CB002751BE /* ClippyViewController.swift */; };
		3B793CD2247721CD002751BE /* Assets.xcassets in Resources */ = {isa = PBXBuildFile; fileRef = 3B793CD1247721CD002751BE /* Assets.xcassets */; };
		3B793CD5247721CD002751BE /* LaunchScreen.storyboard in Resources */ = {isa = PBXBuildFile; fileRef = 3B793CD3247721CD002751BE /* LaunchScreen.storyboard */; };
		3B793CDD247721EB002751BE /* Main.storyboard in Resources */ = {isa = PBXBuildFile; fileRef = 3B793CDC247721EB002751BE /* Main.storyboard */; };
		537F915C8626EB2D799D8F35 /* Pods_Clippy_iOS.framework in Frameworks */ = {isa = PBXBuildFile; fileRef = 5599745BA23DF533FC07C158 /* Pods_Clippy_iOS.framework */; };
		9296E6D024BDEACE0087E416 /* RealmLogic.swift in Sources */ = {isa = PBXBuildFile; fileRef = 9296E6CF24BDEACE0087E416 /* RealmLogic.swift */; };
/* End PBXBuildFile section */

/* Begin PBXFileReference section */
		3B45E34F247BC00500C417BC /* PasteBoardItem.swift */ = {isa = PBXFileReference; lastKnownFileType = sourcecode.swift; path = PasteBoardItem.swift; sourceTree = "<group>"; };
		3B793CC5247721CB002751BE /* Clippy-iOS.app */ = {isa = PBXFileReference; explicitFileType = wrapper.application; includeInIndex = 0; path = "Clippy-iOS.app"; sourceTree = BUILT_PRODUCTS_DIR; };
		3B793CC8247721CB002751BE /* AppDelegate.swift */ = {isa = PBXFileReference; lastKnownFileType = sourcecode.swift; path = AppDelegate.swift; sourceTree = "<group>"; };
		3B793CCA247721CB002751BE /* SceneDelegate.swift */ = {isa = PBXFileReference; lastKnownFileType = sourcecode.swift; path = SceneDelegate.swift; sourceTree = "<group>"; };
		3B793CCC247721CB002751BE /* ClippyViewController.swift */ = {isa = PBXFileReference; lastKnownFileType = sourcecode.swift; path = ClippyViewController.swift; sourceTree = "<group>"; };
		3B793CD1247721CD002751BE /* Assets.xcassets */ = {isa = PBXFileReference; lastKnownFileType = folder.assetcatalog; path = Assets.xcassets; sourceTree = "<group>"; };
		3B793CD4247721CD002751BE /* Base */ = {isa = PBXFileReference; lastKnownFileType = file.storyboard; name = Base; path = Base.lproj/LaunchScreen.storyboard; sourceTree = "<group>"; };
		3B793CD6247721CD002751BE /* Info.plist */ = {isa = PBXFileReference; lastKnownFileType = text.plist.xml; path = Info.plist; sourceTree = "<group>"; };
		3B793CDC247721EB002751BE /* Main.storyboard */ = {isa = PBXFileReference; fileEncoding = 4; lastKnownFileType = file.storyboard; path = Main.storyboard; sourceTree = "<group>"; };
		5599745BA23DF533FC07C158 /* Pods_Clippy_iOS.framework */ = {isa = PBXFileReference; explicitFileType = wrapper.framework; includeInIndex = 0; path = Pods_Clippy_iOS.framework; sourceTree = BUILT_PRODUCTS_DIR; };
		5CBD6FFC231E60097BEB3837 /* Pods-Clippy-iOS.release.xcconfig */ = {isa = PBXFileReference; includeInIndex = 1; lastKnownFileType = text.xcconfig; name = "Pods-Clippy-iOS.release.xcconfig"; path = "Target Support Files/Pods-Clippy-iOS/Pods-Clippy-iOS.release.xcconfig"; sourceTree = "<group>"; };
		9296E6CF24BDEACE0087E416 /* RealmLogic.swift */ = {isa = PBXFileReference; lastKnownFileType = sourcecode.swift; path = RealmLogic.swift; sourceTree = "<group>"; };
		ED7FAEA2743B2173896C9D72 /* Pods-Clippy-iOS.debug.xcconfig */ = {isa = PBXFileReference; includeInIndex = 1; lastKnownFileType = text.xcconfig; name = "Pods-Clippy-iOS.debug.xcconfig"; path = "Target Support Files/Pods-Clippy-iOS/Pods-Clippy-iOS.debug.xcconfig"; sourceTree = "<group>"; };
/* End PBXFileReference section */

/* Begin PBXFrameworksBuildPhase section */
		3B793CC2247721CB002751BE /* Frameworks */ = {
			isa = PBXFrameworksBuildPhase;
			buildActionMask = 2147483647;
			files = (
				537F915C8626EB2D799D8F35 /* Pods_Clippy_iOS.framework in Frameworks */,
			);
			runOnlyForDeploymentPostprocessing = 0;
		};
/* End PBXFrameworksBuildPhase section */

/* Begin PBXGroup section */
		17EEE9DF9E6EA12DBDB1577E /* Pods */ = {
			isa = PBXGroup;
			children = (
				ED7FAEA2743B2173896C9D72 /* Pods-Clippy-iOS.debug.xcconfig */,
				5CBD6FFC231E60097BEB3837 /* Pods-Clippy-iOS.release.xcconfig */,
			);
			path = Pods;
			sourceTree = "<group>";
		};
		2A0E213622DE2C4077CBEBE1 /* Frameworks */ = {
			isa = PBXGroup;
			children = (
				5599745BA23DF533FC07C158 /* Pods_Clippy_iOS.framework */,
			);
			name = Frameworks;
			sourceTree = "<group>";
		};
		3B793CBC247721CB002751BE = {
			isa = PBXGroup;
			children = (
				3B793CC7247721CB002751BE /* Clippy-iOS */,
				3B793CC6247721CB002751BE /* Products */,
				17EEE9DF9E6EA12DBDB1577E /* Pods */,
				2A0E213622DE2C4077CBEBE1 /* Frameworks */,
			);
			sourceTree = "<group>";
		};
		3B793CC6247721CB002751BE /* Products */ = {
			isa = PBXGroup;
			children = (
				3B793CC5247721CB002751BE /* Clippy-iOS.app */,
			);
			name = Products;
			sourceTree = "<group>";
		};
		3B793CC7247721CB002751BE /* Clippy-iOS */ = {
			isa = PBXGroup;
			children = (
				3B793CC8247721CB002751BE /* AppDelegate.swift */,
				3B793CCA247721CB002751BE /* SceneDelegate.swift */,
				3B793CD1247721CD002751BE /* Assets.xcassets */,
				3B793CDC247721EB002751BE /* Main.storyboard */,
				3B793CD3247721CD002751BE /* LaunchScreen.storyboard */,
				3B793CD6247721CD002751BE /* Info.plist */,
				9296E6CE24BDEA9B0087E416 /* ViewModel */,
				9296E6CD24BDEA830087E416 /* Model */,
				9296E6CB24BDD56F0087E416 /* Data */,
			);
			path = "Clippy-iOS";
			sourceTree = "<group>";
		};
		9296E6CB24BDD56F0087E416 /* Data */ = {
			isa = PBXGroup;
			children = (
				3B45E34F247BC00500C417BC /* PasteBoardItem.swift */,
			);
			path = Data;
			sourceTree = "<group>";
		};
		9296E6CD24BDEA830087E416 /* Model */ = {
			isa = PBXGroup;
			children = (
				9296E6CF24BDEACE0087E416 /* RealmLogic.swift */,
			);
			path = Model;
			sourceTree = "<group>";
		};
		9296E6CE24BDEA9B0087E416 /* ViewModel */ = {
			isa = PBXGroup;
			children = (
				3B793CCC247721CB002751BE /* ClippyViewController.swift */,
			);
			path = ViewModel;
			sourceTree = "<group>";
		};
/* End PBXGroup section */

/* Begin PBXNativeTarget section */
		3B793CC4247721CB002751BE /* Clippy-iOS */ = {
			isa = PBXNativeTarget;
			buildConfigurationList = 3B793CD9247721CD002751BE /* Build configuration list for PBXNativeTarget "Clippy-iOS" */;
			buildPhases = (
				873B06120A9D58052B092054 /* [CP] Check Pods Manifest.lock */,
				3B793CC1247721CB002751BE /* Sources */,
				3B793CC2247721CB002751BE /* Frameworks */,
				3B793CC3247721CB002751BE /* Resources */,
				F274061AE14F6747D9965662 /* [CP] Embed Pods Frameworks */,
			);
			buildRules = (
			);
			dependencies = (
			);
			name = "Clippy-iOS";
			productName = "Clippy-iOS";
			productReference = 3B793CC5247721CB002751BE /* Clippy-iOS.app */;
			productType = "com.apple.product-type.application";
		};
/* End PBXNativeTarget section */

/* Begin PBXProject section */
		3B793CBD247721CB002751BE /* Project object */ = {
			isa = PBXProject;
			attributes = {
				LastSwiftUpdateCheck = 1150;
				LastUpgradeCheck = 1200;
				ORGANIZATIONNAME = "Jakub Čermák";
				TargetAttributes = {
					3B793CC4247721CB002751BE = {
						CreatedOnToolsVersion = 11.5;
					};
				};
			};
			buildConfigurationList = 3B793CC0247721CB002751BE /* Build configuration list for PBXProject "Clippy-iOS" */;
			compatibilityVersion = "Xcode 9.3";
			developmentRegion = en;
			hasScannedForEncodings = 0;
			knownRegions = (
				en,
				Base,
			);
			mainGroup = 3B793CBC247721CB002751BE;
			productRefGroup = 3B793CC6247721CB002751BE /* Products */;
			projectDirPath = "";
			projectRoot = "";
			targets = (
				3B793CC4247721CB002751BE /* Clippy-iOS */,
			);
		};
/* End PBXProject section */

/* Begin PBXResourcesBuildPhase section */
		3B793CC3247721CB002751BE /* Resources */ = {
			isa = PBXResourcesBuildPhase;
			buildActionMask = 2147483647;
			files = (
				3B793CDD247721EB002751BE /* Main.storyboard in Resources */,
				3B793CD5247721CD002751BE /* LaunchScreen.storyboard in Resources */,
				3B793CD2247721CD002751BE /* Assets.xcassets in Resources */,
			);
			runOnlyForDeploymentPostprocessing = 0;
		};
/* End PBXResourcesBuildPhase section */

/* Begin PBXShellScriptBuildPhase section */
		873B06120A9D58052B092054 /* [CP] Check Pods Manifest.lock */ = {
			isa = PBXShellScriptBuildPhase;
			buildActionMask = 2147483647;
			files = (
			);
			inputFileListPaths = (
			);
			inputPaths = (
				"${PODS_PODFILE_DIR_PATH}/Podfile.lock",
				"${PODS_ROOT}/Manifest.lock",
			);
			name = "[CP] Check Pods Manifest.lock";
			outputFileListPaths = (
			);
			outputPaths = (
				"$(DERIVED_FILE_DIR)/Pods-Clippy-iOS-checkManifestLockResult.txt",
			);
			runOnlyForDeploymentPostprocessing = 0;
			shellPath = /bin/sh;
			shellScript = "diff \"${PODS_PODFILE_DIR_PATH}/Podfile.lock\" \"${PODS_ROOT}/Manifest.lock\" > /dev/null\nif [ $? != 0 ] ; then\n    # print error to STDERR\n    echo \"error: The sandbox is not in sync with the Podfile.lock. Run 'pod install' or update your CocoaPods installation.\" >&2\n    exit 1\nfi\n# This output is used by Xcode 'outputs' to avoid re-running this script phase.\necho \"SUCCESS\" > \"${SCRIPT_OUTPUT_FILE_0}\"\n";
			showEnvVarsInLog = 0;
		};
		F274061AE14F6747D9965662 /* [CP] Embed Pods Frameworks */ = {
			isa = PBXShellScriptBuildPhase;
			buildActionMask = 2147483647;
			files = (
			);
			inputFileListPaths = (
				"${PODS_ROOT}/Target Support Files/Pods-Clippy-iOS/Pods-Clippy-iOS-frameworks-${CONFIGURATION}-input-files.xcfilelist",
			);
			name = "[CP] Embed Pods Frameworks";
			outputFileListPaths = (
				"${PODS_ROOT}/Target Support Files/Pods-Clippy-iOS/Pods-Clippy-iOS-frameworks-${CONFIGURATION}-output-files.xcfilelist",
			);
			runOnlyForDeploymentPostprocessing = 0;
			shellPath = /bin/sh;
			shellScript = "\"${PODS_ROOT}/Target Support Files/Pods-Clippy-iOS/Pods-Clippy-iOS-frameworks.sh\"\n";
			showEnvVarsInLog = 0;
		};
/* End PBXShellScriptBuildPhase section */

/* Begin PBXSourcesBuildPhase section */
		3B793CC1247721CB002751BE /* Sources */ = {
			isa = PBXSourcesBuildPhase;
			buildActionMask = 2147483647;
			files = (
				9296E6D024BDEACE0087E416 /* RealmLogic.swift in Sources */,
				3B793CCD247721CB002751BE /* ClippyViewController.swift in Sources */,
				3B793CC9247721CB002751BE /* AppDelegate.swift in Sources */,
				3B793CCB247721CB002751BE /* SceneDelegate.swift in Sources */,
				3B45E350247BC00500C417BC /* PasteBoardItem.swift in Sources */,
			);
			runOnlyForDeploymentPostprocessing = 0;
		};
/* End PBXSourcesBuildPhase section */

/* Begin PBXVariantGroup section */
		3B793CD3247721CD002751BE /* LaunchScreen.storyboard */ = {
			isa = PBXVariantGroup;
			children = (
				3B793CD4247721CD002751BE /* Base */,
			);
			name = LaunchScreen.storyboard;
			sourceTree = "<group>";
		};
/* End PBXVariantGroup section */

/* Begin XCBuildConfiguration section */
		3B793CD7247721CD002751BE /* Debug */ = {
			isa = XCBuildConfiguration;
			buildSettings = {
				ALWAYS_SEARCH_USER_PATHS = NO;
				CLANG_ANALYZER_NONNULL = YES;
				CLANG_ANALYZER_NUMBER_OBJECT_CONVERSION = YES_AGGRESSIVE;
				CLANG_CXX_LANGUAGE_STANDARD = "gnu++14";
				CLANG_CXX_LIBRARY = "libc++";
				CLANG_ENABLE_MODULES = YES;
				CLANG_ENABLE_OBJC_ARC = YES;
				CLANG_ENABLE_OBJC_WEAK = YES;
				CLANG_WARN_BLOCK_CAPTURE_AUTORELEASING = YES;
				CLANG_WARN_BOOL_CONVERSION = YES;
				CLANG_WARN_COMMA = YES;
				CLANG_WARN_CONSTANT_CONVERSION = YES;
				CLANG_WARN_DEPRECATED_OBJC_IMPLEMENTATIONS = YES;
				CLANG_WARN_DIRECT_OBJC_ISA_USAGE = YES_ERROR;
				CLANG_WARN_DOCUMENTATION_COMMENTS = YES;
				CLANG_WARN_EMPTY_BODY = YES;
				CLANG_WARN_ENUM_CONVERSION = YES;
				CLANG_WARN_INFINITE_RECURSION = YES;
				CLANG_WARN_INT_CONVERSION = YES;
				CLANG_WARN_NON_LITERAL_NULL_CONVERSION = YES;
				CLANG_WARN_OBJC_IMPLICIT_RETAIN_SELF = YES;
				CLANG_WARN_OBJC_LITERAL_CONVERSION = YES;
				CLANG_WARN_OBJC_ROOT_CLASS = YES_ERROR;
				CLANG_WARN_QUOTED_INCLUDE_IN_FRAMEWORK_HEADER = YES;
				CLANG_WARN_RANGE_LOOP_ANALYSIS = YES;
				CLANG_WARN_STRICT_PROTOTYPES = YES;
				CLANG_WARN_SUSPICIOUS_MOVE = YES;
				CLANG_WARN_UNGUARDED_AVAILABILITY = YES_AGGRESSIVE;
				CLANG_WARN_UNREACHABLE_CODE = YES;
				CLANG_WARN__DUPLICATE_METHOD_MATCH = YES;
				COPY_PHASE_STRIP = NO;
				DEBUG_INFORMATION_FORMAT = dwarf;
				ENABLE_STRICT_OBJC_MSGSEND = YES;
				ENABLE_TESTABILITY = YES;
				GCC_C_LANGUAGE_STANDARD = gnu11;
				GCC_DYNAMIC_NO_PIC = NO;
				GCC_NO_COMMON_BLOCKS = YES;
				GCC_OPTIMIZATION_LEVEL = 0;
				GCC_PREPROCESSOR_DEFINITIONS = (
					"DEBUG=1",
					"$(inherited)",
				);
				GCC_WARN_64_TO_32_BIT_CONVERSION = YES;
				GCC_WARN_ABOUT_RETURN_TYPE = YES_ERROR;
				GCC_WARN_UNDECLARED_SELECTOR = YES;
				GCC_WARN_UNINITIALIZED_AUTOS = YES_AGGRESSIVE;
				GCC_WARN_UNUSED_FUNCTION = YES;
				GCC_WARN_UNUSED_VARIABLE = YES;
				IPHONEOS_DEPLOYMENT_TARGET = 13.5;
				MTL_ENABLE_DEBUG_INFO = INCLUDE_SOURCE;
				MTL_FAST_MATH = YES;
				ONLY_ACTIVE_ARCH = YES;
				SDKROOT = iphoneos;
				SWIFT_ACTIVE_COMPILATION_CONDITIONS = DEBUG;
				SWIFT_OPTIMIZATION_LEVEL = "-Onone";
			};
			name = Debug;
		};
		3B793CD8247721CD002751BE /* Release */ = {
			isa = XCBuildConfiguration;
			buildSettings = {
				ALWAYS_SEARCH_USER_PATHS = NO;
				CLANG_ANALYZER_NONNULL = YES;
				CLANG_ANALYZER_NUMBER_OBJECT_CONVERSION = YES_AGGRESSIVE;
				CLANG_CXX_LANGUAGE_STANDARD = "gnu++14";
				CLANG_CXX_LIBRARY = "libc++";
				CLANG_ENABLE_MODULES = YES;
				CLANG_ENABLE_OBJC_ARC = YES;
				CLANG_ENABLE_OBJC_WEAK = YES;
				CLANG_WARN_BLOCK_CAPTURE_AUTORELEASING = YES;
				CLANG_WARN_BOOL_CONVERSION = YES;
				CLANG_WARN_COMMA = YES;
				CLANG_WARN_CONSTANT_CONVERSION = YES;
				CLANG_WARN_DEPRECATED_OBJC_IMPLEMENTATIONS = YES;
				CLANG_WARN_DIRECT_OBJC_ISA_USAGE = YES_ERROR;
				CLANG_WARN_DOCUMENTATION_COMMENTS = YES;
				CLANG_WARN_EMPTY_BODY = YES;
				CLANG_WARN_ENUM_CONVERSION = YES;
				CLANG_WARN_INFINITE_RECURSION = YES;
				CLANG_WARN_INT_CONVERSION = YES;
				CLANG_WARN_NON_LITERAL_NULL_CONVERSION = YES;
				CLANG_WARN_OBJC_IMPLICIT_RETAIN_SELF = YES;
				CLANG_WARN_OBJC_LITERAL_CONVERSION = YES;
				CLANG_WARN_OBJC_ROOT_CLASS = YES_ERROR;
				CLANG_WARN_QUOTED_INCLUDE_IN_FRAMEWORK_HEADER = YES;
				CLANG_WARN_RANGE_LOOP_ANALYSIS = YES;
				CLANG_WARN_STRICT_PROTOTYPES = YES;
				CLANG_WARN_SUSPICIOUS_MOVE = YES;
				CLANG_WARN_UNGUARDED_AVAILABILITY = YES_AGGRESSIVE;
				CLANG_WARN_UNREACHABLE_CODE = YES;
				CLANG_WARN__DUPLICATE_METHOD_MATCH = YES;
				COPY_PHASE_STRIP = NO;
				DEBUG_INFORMATION_FORMAT = "dwarf-with-dsym";
				ENABLE_NS_ASSERTIONS = NO;
				ENABLE_STRICT_OBJC_MSGSEND = YES;
				GCC_C_LANGUAGE_STANDARD = gnu11;
				GCC_NO_COMMON_BLOCKS = YES;
				GCC_WARN_64_TO_32_BIT_CONVERSION = YES;
				GCC_WARN_ABOUT_RETURN_TYPE = YES_ERROR;
				GCC_WARN_UNDECLARED_SELECTOR = YES;
				GCC_WARN_UNINITIALIZED_AUTOS = YES_AGGRESSIVE;
				GCC_WARN_UNUSED_FUNCTION = YES;
				GCC_WARN_UNUSED_VARIABLE = YES;
				IPHONEOS_DEPLOYMENT_TARGET = 13.5;
				MTL_ENABLE_DEBUG_INFO = NO;
				MTL_FAST_MATH = YES;
				SDKROOT = iphoneos;
				SWIFT_COMPILATION_MODE = wholemodule;
				SWIFT_OPTIMIZATION_LEVEL = "-O";
				VALIDATE_PRODUCT = YES;
			};
			name = Release;
		};
		3B793CDA247721CD002751BE /* Debug */ = {
			isa = XCBuildConfiguration;
			baseConfigurationReference = ED7FAEA2743B2173896C9D72 /* Pods-Clippy-iOS.debug.xcconfig */;
			buildSettings = {
				ASSETCATALOG_COMPILER_APPICON_NAME = AppIcon;
				CODE_SIGN_STYLE = Automatic;
				DEVELOPMENT_TEAM = 9Z5D3ZTJQV;
				INFOPLIST_FILE = "Clippy-iOS/Info.plist";
				LD_RUNPATH_SEARCH_PATHS = (
					"$(inherited)",
					"@executable_path/Frameworks",
				);
				PRODUCT_BUNDLE_IDENTIFIER = "com.JakubCermak.Clippy-iOS";
				PRODUCT_NAME = "$(TARGET_NAME)";
				SWIFT_VERSION = 5.0;
				TARGETED_DEVICE_FAMILY = "1,2";
			};
			name = Debug;
		};
		3B793CDB247721CD002751BE /* Release */ = {
			isa = XCBuildConfiguration;
			baseConfigurationReference = 5CBD6FFC231E60097BEB3837 /* Pods-Clippy-iOS.release.xcconfig */;
			buildSettings = {
				ASSETCATALOG_COMPILER_APPICON_NAME = AppIcon;
				CODE_SIGN_STYLE = Automatic;
				DEVELOPMENT_TEAM = 9Z5D3ZTJQV;
				INFOPLIST_FILE = "Clippy-iOS/Info.plist";
				LD_RUNPATH_SEARCH_PATHS = (
					"$(inherited)",
					"@executable_path/Frameworks",
				);
				PRODUCT_BUNDLE_IDENTIFIER = "com.JakubCermak.Clippy-iOS";
				PRODUCT_NAME = "$(TARGET_NAME)";
				SWIFT_VERSION = 5.0;
				TARGETED_DEVICE_FAMILY = "1,2";
			};
			name = Release;
		};
/* End XCBuildConfiguration section */

/* Begin XCConfigurationList section */
		3B793CC0247721CB002751BE /* Build configuration list for PBXProject "Clippy-iOS" */ = {
			isa = XCConfigurationList;
			buildConfigurations = (
				3B793CD7247721CD002751BE /* Debug */,
				3B793CD8247721CD002751BE /* Release */,
			);
			defaultConfigurationIsVisible = 0;
			defaultConfigurationName = Release;
		};
		3B793CD9247721CD002751BE /* Build configuration list for PBXNativeTarget "Clippy-iOS" */ = {
			isa = XCConfigurationList;
			buildConfigurations = (
				3B793CDA247721CD002751BE /* Debug */,
				3B793CDB247721CD002751BE /* Release */,
			);
			defaultConfigurationIsVisible = 0;
			defaultConfigurationName = Release;
		};
/* End XCConfigurationList section */
	};
	rootObject = 3B793CBD247721CB002751BE /* Project object */;
}
